{
  "name": "vscode-versionlens",
  "version": "0.23.0",
  "lockfileVersion": 1,
  "requires": true,
  "dependencies": {
    "@babel/runtime": {
      "version": "7.4.3",
      "resolved": "https://registry.npmjs.org/@babel/runtime/-/runtime-7.4.3.tgz",
      "integrity": "sha512-9lsJwJLxDh/T3Q3SZszfWOTkk3pHbkmH+3KY+zwIDmsNlxsumuhS2TH3NIpktU4kNvfzy+k3eLT7aTJSPTo0OA==",
      "requires": {
        "regenerator-runtime": "^0.13.2"
      }
    },
    "@types/mocha": {
      "version": "5.2.6",
      "resolved": "https://registry.npmjs.org/@types/mocha/-/mocha-5.2.6.tgz",
      "integrity": "sha512-1axi39YdtBI7z957vdqXI4Ac25e7YihYQtJa+Clnxg1zTJEaIRbndt71O3sP4GAMgiAm0pY26/b9BrY4MR/PMw==",
      "dev": true
    },
    "@types/node": {
      "version": "10.14.5",
      "resolved": "https://registry.npmjs.org/@types/node/-/node-10.14.5.tgz",
      "integrity": "sha512-Ja7d4s0qyGFxjGeDq5S7Si25OFibSAHUi6i17UWnwNnpitADN7hah9q0Tl25gxuV5R1u2Bx+np6w4LHXfHyj/g==",
      "dev": true
    },
    "agent-base": {
      "version": "4.2.1",
      "resolved": "https://registry.npmjs.org/agent-base/-/agent-base-4.2.1.tgz",
      "integrity": "sha512-JVwXMr9nHYTUXsBFKUqhJwvlcYU/blreOEUkhNR2eXZIvwd+c+o5V4MgDPKWnMS/56awN3TRzIP+KoPn+roQtg==",
      "requires": {
        "es6-promisify": "^5.0.0"
      }
    },
    "ajv": {
      "version": "6.10.0",
      "resolved": "https://registry.npmjs.org/ajv/-/ajv-6.10.0.tgz",
      "integrity": "sha512-nffhOpkymDECQyR0mnsUtoCE8RlX38G0rYP+wgLWFyZuUyuuojSSvi/+euOiQBIn63whYwYVIIH1TvE3tu4OEg==",
      "dev": true,
      "requires": {
        "fast-deep-equal": "^2.0.1",
        "fast-json-stable-stringify": "^2.0.0",
        "json-schema-traverse": "^0.4.1",
        "uri-js": "^4.2.2"
      }
    },
    "asn1": {
      "version": "0.2.4",
      "resolved": "https://registry.npmjs.org/asn1/-/asn1-0.2.4.tgz",
      "integrity": "sha512-jxwzQpLQjSmWXgwaCZE9Nz+glAG01yF1QnWgbhGwHI5A6FRIEY6IVqtHhIepHqI7/kyEyQEagBC5mBEFlIYvdg==",
      "dev": true,
      "requires": {
        "safer-buffer": "~2.1.0"
      }
    },
    "assert-plus": {
      "version": "1.0.0",
      "resolved": "https://registry.npmjs.org/assert-plus/-/assert-plus-1.0.0.tgz",
      "integrity": "sha1-8S4PPF13sLHN2RRpQuTpbB5N1SU=",
      "dev": true
    },
    "asynckit": {
      "version": "0.4.0",
      "resolved": "https://registry.npmjs.org/asynckit/-/asynckit-0.4.0.tgz",
      "integrity": "sha1-x57Zf380y48robyXkLzDZkdLS3k=",
      "dev": true
    },
    "aws-sign2": {
      "version": "0.7.0",
      "resolved": "https://registry.npmjs.org/aws-sign2/-/aws-sign2-0.7.0.tgz",
      "integrity": "sha1-tG6JCTSpWR8tL2+G1+ap8bP+dqg=",
      "dev": true
    },
    "aws4": {
      "version": "1.8.0",
      "resolved": "https://registry.npmjs.org/aws4/-/aws4-1.8.0.tgz",
      "integrity": "sha512-ReZxvNHIOv88FlT7rxcXIIC0fPt4KZqZbOlivyWtXLt8ESx84zd3kMC6iK5jVeS2qt+g7ftS7ye4fi06X5rtRQ==",
      "dev": true
    },
    "balanced-match": {
      "version": "1.0.0",
      "resolved": "https://registry.npmjs.org/balanced-match/-/balanced-match-1.0.0.tgz",
      "integrity": "sha1-ibTRmasr7kneFk6gK4nORi1xt2c="
    },
    "bcrypt-pbkdf": {
      "version": "1.0.2",
      "resolved": "https://registry.npmjs.org/bcrypt-pbkdf/-/bcrypt-pbkdf-1.0.2.tgz",
      "integrity": "sha1-pDAdOJtqQ/m2f/PKEaP2Y342Dp4=",
      "dev": true,
      "requires": {
        "tweetnacl": "^0.14.3"
      }
    },
    "brace-expansion": {
      "version": "1.1.11",
      "resolved": "https://registry.npmjs.org/brace-expansion/-/brace-expansion-1.1.11.tgz",
      "integrity": "sha512-iCuPHDFgrHX7H2vEI/5xpz07zSHB00TpugqhmYtVmMO6518mCuRMoOYFldEBl0g187ufozdaHgWKcYFb61qGiA==",
      "requires": {
        "balanced-match": "^1.0.0",
        "concat-map": "0.0.1"
      }
    },
    "browser-stdout": {
      "version": "1.3.0",
      "resolved": "https://registry.npmjs.org/browser-stdout/-/browser-stdout-1.3.0.tgz",
      "integrity": "sha1-81HTKWnTL6XXpVZxVCY9korjvR8=",
      "dev": true
    },
    "buffer-from": {
      "version": "1.1.1",
      "resolved": "https://registry.npmjs.org/buffer-from/-/buffer-from-1.1.1.tgz",
      "integrity": "sha512-MQcXEUbCKtEo7bhqEs6560Hyd4XaovZlO/k9V3hjVUF/zwW7KBVdSK4gIt/bzwS9MbR5qob+F5jusZsb0YQK2A==",
      "dev": true
    },
    "builtins": {
      "version": "1.0.3",
      "resolved": "https://registry.npmjs.org/builtins/-/builtins-1.0.3.tgz",
      "integrity": "sha1-y5T662HIaWRR2zZTThQi+U8K7og="
    },
    "caseless": {
      "version": "0.12.0",
      "resolved": "https://registry.npmjs.org/caseless/-/caseless-0.12.0.tgz",
      "integrity": "sha1-G2gcIf+EAzyCZUMJBolCDRhxUdw=",
      "dev": true
    },
    "cli": {
      "version": "1.0.1",
      "resolved": "https://registry.npmjs.org/cli/-/cli-1.0.1.tgz",
      "integrity": "sha1-IoF1NPJL+klQw01TLUjsvGIbjBQ=",
      "dev": true,
      "requires": {
        "exit": "0.1.2",
        "glob": "^7.1.1"
      }
    },
    "combined-stream": {
      "version": "1.0.7",
      "resolved": "https://registry.npmjs.org/combined-stream/-/combined-stream-1.0.7.tgz",
      "integrity": "sha512-brWl9y6vOB1xYPZcpZde3N9zDByXTosAeMDo4p1wzo6UMOX4vumB+TP1RZ76sfE6Md68Q0NJSrE/gbezd4Ul+w==",
      "dev": true,
      "requires": {
        "delayed-stream": "~1.0.0"
      }
    },
    "commander": {
      "version": "2.11.0",
      "resolved": "https://registry.npmjs.org/commander/-/commander-2.11.0.tgz",
      "integrity": "sha512-b0553uYA5YAEGgyYIGYROzKQ7X5RAqedkfjiZxwi0kL1g3bOaBNNZfYkzt/CL0umgD5wc9Jec2FbB98CjkMRvQ==",
      "dev": true
    },
    "concat-map": {
      "version": "0.0.1",
      "resolved": "https://registry.npmjs.org/concat-map/-/concat-map-0.0.1.tgz",
      "integrity": "sha1-2Klr13/Wjfd5OnMDajug1UBdR3s="
    },
    "console-browserify": {
      "version": "1.1.0",
      "resolved": "https://registry.npmjs.org/console-browserify/-/console-browserify-1.1.0.tgz",
      "integrity": "sha1-8CQcRXMKn8YyOyBtvzjtx0HQuxA=",
      "dev": true,
      "requires": {
        "date-now": "^0.1.4"
      }
    },
    "core-util-is": {
      "version": "1.0.2",
      "resolved": "https://registry.npmjs.org/core-util-is/-/core-util-is-1.0.2.tgz",
      "integrity": "sha1-tf1UIgqivFq1eqtxQMlAdUUDwac=",
      "dev": true
    },
    "dashdash": {
      "version": "1.14.1",
      "resolved": "https://registry.npmjs.org/dashdash/-/dashdash-1.14.1.tgz",
      "integrity": "sha1-hTz6D3y+L+1d4gMmuN1YEDX24vA=",
      "dev": true,
      "requires": {
        "assert-plus": "^1.0.0"
      }
    },
    "date-now": {
      "version": "0.1.4",
      "resolved": "https://registry.npmjs.org/date-now/-/date-now-0.1.4.tgz",
      "integrity": "sha1-6vQ5/U1ISK105cx9vvIAZyueNFs=",
      "dev": true
    },
    "debug": {
      "version": "3.1.0",
      "resolved": "https://registry.npmjs.org/debug/-/debug-3.1.0.tgz",
      "integrity": "sha512-OX8XqP7/1a9cqkxYw2yXss15f26NKWBpDXQd0/uK/KPqdQhxbPa994hnzjcE2VqQpDslf55723cKPUOGSmMY3g==",
      "requires": {
        "ms": "2.0.0"
      }
    },
    "delayed-stream": {
      "version": "1.0.0",
      "resolved": "https://registry.npmjs.org/delayed-stream/-/delayed-stream-1.0.0.tgz",
      "integrity": "sha1-3zrhmayt+31ECqrgsp4icrJOxhk=",
      "dev": true
    },
    "diff": {
      "version": "3.3.1",
      "resolved": "https://registry.npmjs.org/diff/-/diff-3.3.1.tgz",
      "integrity": "sha512-MKPHZDMB0o6yHyDryUOScqZibp914ksXwAMYMTHj6KO8UeKsRYNJD3oNCKjTqZon+V488P7N/HzXF8t7ZR95ww==",
      "dev": true
    },
    "dom-serializer": {
      "version": "0.1.1",
      "resolved": "https://registry.npmjs.org/dom-serializer/-/dom-serializer-0.1.1.tgz",
      "integrity": "sha512-l0IU0pPzLWSHBcieZbpOKgkIn3ts3vAh7ZuFyXNwJxJXk/c4Gwj9xaTJwIDVQCXawWD0qb3IzMGH5rglQaO0XA==",
      "dev": true,
      "requires": {
        "domelementtype": "^1.3.0",
        "entities": "^1.1.1"
      },
      "dependencies": {
        "entities": {
          "version": "1.1.2",
          "resolved": "https://registry.npmjs.org/entities/-/entities-1.1.2.tgz",
          "integrity": "sha512-f2LZMYl1Fzu7YSBKg+RoROelpOaNrcGmE9AZubeDfrCEia483oW4MI4VyFd5VNHIgQ/7qm1I0wUHK1eJnn2y2w==",
          "dev": true
        }
      }
    },
    "domelementtype": {
      "version": "1.3.1",
      "resolved": "https://registry.npmjs.org/domelementtype/-/domelementtype-1.3.1.tgz",
      "integrity": "sha512-BSKB+TSpMpFI/HOxCNr1O8aMOTZ8hT3pM3GQ0w/mWRmkhEDSFJkkyzz4XQsBV44BChwGkrDfMyjVD0eA2aFV3w==",
      "dev": true
    },
    "domhandler": {
      "version": "2.3.0",
      "resolved": "https://registry.npmjs.org/domhandler/-/domhandler-2.3.0.tgz",
      "integrity": "sha1-LeWaCCLVAn+r/28DLCsloqir5zg=",
      "dev": true,
      "requires": {
        "domelementtype": "1"
      }
    },
    "domutils": {
      "version": "1.5.1",
      "resolved": "https://registry.npmjs.org/domutils/-/domutils-1.5.1.tgz",
      "integrity": "sha1-3NhIiib1Y9YQeeSMn3t+Mjc2gs8=",
      "dev": true,
      "requires": {
        "dom-serializer": "0",
        "domelementtype": "1"
      }
    },
    "ecc-jsbn": {
      "version": "0.1.2",
      "resolved": "https://registry.npmjs.org/ecc-jsbn/-/ecc-jsbn-0.1.2.tgz",
      "integrity": "sha1-OoOpBOVDUyh4dMVkt1SThoSamMk=",
      "dev": true,
      "requires": {
        "jsbn": "~0.1.0",
        "safer-buffer": "^2.1.0"
      }
    },
    "entities": {
      "version": "1.0.0",
      "resolved": "http://registry.npmjs.org/entities/-/entities-1.0.0.tgz",
      "integrity": "sha1-sph6o4ITR/zeZCsk/fyeT7cSvyY=",
      "dev": true
    },
    "es6-promise": {
      "version": "4.2.6",
      "resolved": "https://registry.npmjs.org/es6-promise/-/es6-promise-4.2.6.tgz",
      "integrity": "sha512-aRVgGdnmW2OiySVPUC9e6m+plolMAJKjZnQlCwNSuK5yQ0JN61DZSO1X1Ufd1foqWRAlig0rhduTCHe7sVtK5Q=="
    },
    "es6-promisify": {
      "version": "5.0.0",
      "resolved": "https://registry.npmjs.org/es6-promisify/-/es6-promisify-5.0.0.tgz",
      "integrity": "sha1-UQnWLz5W6pZ8S2NQWu8IKRyKUgM=",
      "requires": {
        "es6-promise": "^4.0.3"
      }
    },
    "escape-string-regexp": {
      "version": "1.0.5",
      "resolved": "https://registry.npmjs.org/escape-string-regexp/-/escape-string-regexp-1.0.5.tgz",
      "integrity": "sha1-G2HAViGQqN/2rjuyzwIAyhMLhtQ=",
      "dev": true
    },
    "exit": {
      "version": "0.1.2",
      "resolved": "https://registry.npmjs.org/exit/-/exit-0.1.2.tgz",
      "integrity": "sha1-BjJjj42HfMghB9MKD/8aF8uhzQw=",
      "dev": true
    },
    "extend": {
      "version": "3.0.2",
      "resolved": "https://registry.npmjs.org/extend/-/extend-3.0.2.tgz",
      "integrity": "sha512-fjquC59cD7CyW6urNXK0FBufkZcoiGG80wTuPujX590cB5Ttln20E2UB4S/WARVqhXffZl2LNgS+gQdPIIim/g==",
      "dev": true
    },
    "extsprintf": {
      "version": "1.3.0",
      "resolved": "https://registry.npmjs.org/extsprintf/-/extsprintf-1.3.0.tgz",
      "integrity": "sha1-lpGEQOMEGnpBT4xS48V06zw+HgU=",
      "dev": true
    },
    "fast-deep-equal": {
      "version": "2.0.1",
      "resolved": "https://registry.npmjs.org/fast-deep-equal/-/fast-deep-equal-2.0.1.tgz",
      "integrity": "sha1-ewUhjd+WZ79/Nwv3/bLLFf3Qqkk=",
      "dev": true
    },
    "fast-json-stable-stringify": {
      "version": "2.0.0",
      "resolved": "https://registry.npmjs.org/fast-json-stable-stringify/-/fast-json-stable-stringify-2.0.0.tgz",
      "integrity": "sha1-1RQsDK7msRifh9OnYREGT4bIu/I=",
      "dev": true
    },
    "forever-agent": {
      "version": "0.6.1",
      "resolved": "https://registry.npmjs.org/forever-agent/-/forever-agent-0.6.1.tgz",
      "integrity": "sha1-+8cfDEGt6zf5bFd60e1C2P2sypE=",
      "dev": true
    },
    "form-data": {
      "version": "2.3.3",
      "resolved": "https://registry.npmjs.org/form-data/-/form-data-2.3.3.tgz",
      "integrity": "sha512-1lLKB2Mu3aGP1Q/2eCOx0fNbRMe7XdwktwOruhfqqd0rIJWwN4Dh+E3hrPSlDCXnSR7UtZ1N38rVXm+6+MEhJQ==",
      "dev": true,
      "requires": {
        "asynckit": "^0.4.0",
        "combined-stream": "^1.0.6",
        "mime-types": "^2.1.12"
      }
    },
    "fs.realpath": {
      "version": "1.0.0",
      "resolved": "https://registry.npmjs.org/fs.realpath/-/fs.realpath-1.0.0.tgz",
      "integrity": "sha1-FQStJSMVjKpA20onh8sBQRmU6k8="
    },
    "get-caller-file": {
      "version": "1.0.3",
      "resolved": "https://registry.npmjs.org/get-caller-file/-/get-caller-file-1.0.3.tgz",
      "integrity": "sha512-3t6rVToeoZfYSGd8YoLFR2DJkiQrIiUrGcjvFX2mDw3bn6k2OtwHN0TNCLbBO+w8qTvimhDkv+LSscbJY1vE6w==",
      "dev": true
    },
    "getpass": {
      "version": "0.1.7",
      "resolved": "https://registry.npmjs.org/getpass/-/getpass-0.1.7.tgz",
      "integrity": "sha1-Xv+OPmhNVprkyysSgmBOi6YhSfo=",
      "dev": true,
      "requires": {
        "assert-plus": "^1.0.0"
      }
    },
    "glob": {
      "version": "7.1.3",
      "resolved": "https://registry.npmjs.org/glob/-/glob-7.1.3.tgz",
      "integrity": "sha512-vcfuiIxogLV4DlGBHIUOwI0IbrJ8HWPc4MU7HzviGeNho/UJDfi6B5p3sHeWIQ0KGIU0Jpxi5ZHxemQfLkkAwQ==",
      "requires": {
        "fs.realpath": "^1.0.0",
        "inflight": "^1.0.4",
        "inherits": "2",
        "minimatch": "^3.0.4",
        "once": "^1.3.0",
        "path-is-absolute": "^1.0.0"
      }
    },
    "growl": {
      "version": "1.10.3",
      "resolved": "https://registry.npmjs.org/growl/-/growl-1.10.3.tgz",
      "integrity": "sha512-hKlsbA5Vu3xsh1Cg3J7jSmX/WaW6A5oBeqzM88oNbCRQFz+zUaXm6yxS4RVytp1scBoJzSYl4YAEOQIt6O8V1Q==",
      "dev": true
    },
    "har-schema": {
      "version": "2.0.0",
      "resolved": "https://registry.npmjs.org/har-schema/-/har-schema-2.0.0.tgz",
      "integrity": "sha1-qUwiJOvKwEeCoNkDVSHyRzW37JI=",
      "dev": true
    },
    "har-validator": {
      "version": "5.1.3",
      "resolved": "https://registry.npmjs.org/har-validator/-/har-validator-5.1.3.tgz",
      "integrity": "sha512-sNvOCzEQNr/qrvJgc3UG/kD4QtlHycrzwS+6mfTrrSq97BvaYcPZZI1ZSqGSPR73Cxn4LKTD4PttRwfU7jWq5g==",
      "dev": true,
      "requires": {
        "ajv": "^6.5.5",
        "har-schema": "^2.0.0"
      }
    },
    "has-flag": {
      "version": "2.0.0",
      "resolved": "https://registry.npmjs.org/has-flag/-/has-flag-2.0.0.tgz",
      "integrity": "sha1-6CB68cx7MNRGzHC3NLXovhj4jVE=",
      "dev": true
    },
    "he": {
      "version": "1.1.1",
      "resolved": "https://registry.npmjs.org/he/-/he-1.1.1.tgz",
      "integrity": "sha1-k0EP0hsAlzUVH4howvJx80J+I/0=",
      "dev": true
    },
    "hosted-git-info": {
      "version": "2.7.1",
      "resolved": "https://registry.npmjs.org/hosted-git-info/-/hosted-git-info-2.7.1.tgz",
      "integrity": "sha512-7T/BxH19zbcCTa8XkMlbK5lTo1WtgkFi3GvdWEyNuc4Vex7/9Dqbnpsf4JMydcfj9HCg4zUWFTL3Za6lapg5/w=="
    },
    "htmlparser2": {
      "version": "3.8.3",
      "resolved": "http://registry.npmjs.org/htmlparser2/-/htmlparser2-3.8.3.tgz",
      "integrity": "sha1-mWwosZFRaovoZQGn15dX5ccMEGg=",
      "dev": true,
      "requires": {
        "domelementtype": "1",
        "domhandler": "2.3",
        "domutils": "1.5",
        "entities": "1.0",
        "readable-stream": "1.1"
      }
    },
    "http-proxy-agent": {
      "version": "2.1.0",
      "resolved": "https://registry.npmjs.org/http-proxy-agent/-/http-proxy-agent-2.1.0.tgz",
      "integrity": "sha512-qwHbBLV7WviBl0rQsOzH6o5lwyOIvwp/BdFnvVxXORldu5TmjFfjzBcWUWS5kWAZhmv+JtiDhSuQCp4sBfbIgg==",
      "requires": {
        "agent-base": "4",
        "debug": "3.1.0"
      }
    },
    "http-signature": {
      "version": "1.2.0",
      "resolved": "https://registry.npmjs.org/http-signature/-/http-signature-1.2.0.tgz",
      "integrity": "sha1-muzZJRFHcvPZW2WmCruPfBj7rOE=",
      "dev": true,
      "requires": {
        "assert-plus": "^1.0.0",
        "jsprim": "^1.2.2",
        "sshpk": "^1.7.0"
      }
    },
    "https-proxy-agent": {
      "version": "2.2.1",
      "resolved": "https://registry.npmjs.org/https-proxy-agent/-/https-proxy-agent-2.2.1.tgz",
      "integrity": "sha512-HPCTS1LW51bcyMYbxUIOO4HEOlQ1/1qRaFWcyxvwaqUS9TY88aoEuHUY33kuAh1YhVVaDQhLZsnPd+XNARWZlQ==",
      "requires": {
        "agent-base": "^4.1.0",
        "debug": "^3.1.0"
      }
    },
    "inflight": {
      "version": "1.0.6",
      "resolved": "https://registry.npmjs.org/inflight/-/inflight-1.0.6.tgz",
      "integrity": "sha1-Sb1jMdfQLQwJvJEKEHW6gWW1bfk=",
      "requires": {
        "once": "^1.3.0",
        "wrappy": "1"
      }
    },
    "inherits": {
      "version": "2.0.3",
      "resolved": "https://registry.npmjs.org/inherits/-/inherits-2.0.3.tgz",
      "integrity": "sha1-Yzwsg+PaQqUC9SRmAiSA9CCCYd4="
    },
    "is-typedarray": {
      "version": "1.0.0",
      "resolved": "https://registry.npmjs.org/is-typedarray/-/is-typedarray-1.0.0.tgz",
      "integrity": "sha1-5HnICFjfDBsR3dppQPlgEfzaSpo=",
      "dev": true
    },
    "isarray": {
      "version": "0.0.1",
      "resolved": "https://registry.npmjs.org/isarray/-/isarray-0.0.1.tgz",
      "integrity": "sha1-ihis/Kmo9Bd+Cav8YDiTmwXR7t8=",
      "dev": true
    },
    "isstream": {
      "version": "0.1.2",
      "resolved": "https://registry.npmjs.org/isstream/-/isstream-0.1.2.tgz",
      "integrity": "sha1-R+Y/evVa+m+S4VAOaQ64uFKcCZo=",
      "dev": true
    },
    "jsbn": {
      "version": "0.1.1",
      "resolved": "https://registry.npmjs.org/jsbn/-/jsbn-0.1.1.tgz",
      "integrity": "sha1-peZUwuWi3rXyAdls77yoDA7y9RM=",
      "dev": true
    },
    "jshint": {
      "version": "2.10.2",
      "resolved": "https://registry.npmjs.org/jshint/-/jshint-2.10.2.tgz",
      "integrity": "sha512-e7KZgCSXMJxznE/4WULzybCMNXNAd/bf5TSrvVEq78Q/K8ZwFpmBqQeDtNiHc3l49nV4E/+YeHU/JZjSUIrLAA==",
      "dev": true,
      "requires": {
        "cli": "~1.0.0",
        "console-browserify": "1.1.x",
        "exit": "0.1.x",
        "htmlparser2": "3.8.x",
        "lodash": "~4.17.11",
        "minimatch": "~3.0.2",
        "shelljs": "0.3.x",
        "strip-json-comments": "1.0.x"
      }
    },
    "json-schema": {
      "version": "0.2.3",
      "resolved": "https://registry.npmjs.org/json-schema/-/json-schema-0.2.3.tgz",
      "integrity": "sha1-tIDIkuWaLwWVTOcnvT8qTogvnhM=",
      "dev": true
    },
    "json-schema-traverse": {
      "version": "0.4.1",
      "resolved": "https://registry.npmjs.org/json-schema-traverse/-/json-schema-traverse-0.4.1.tgz",
      "integrity": "sha512-xbbCH5dCYU5T8LcEhhuh7HJ88HXuW3qsI3Y0zOZFKfZEHcpWiHU/Jxzk629Brsab/mMiHQti9wMP+845RPe3Vg==",
      "dev": true
    },
    "json-stringify-safe": {
      "version": "5.0.1",
      "resolved": "https://registry.npmjs.org/json-stringify-safe/-/json-stringify-safe-5.0.1.tgz",
      "integrity": "sha1-Epai1Y/UXxmg9s4B1lcB4sc1tus=",
      "dev": true
    },
    "jsonc-parser": {
      "version": "0.2.3",
      "resolved": "https://registry.npmjs.org/jsonc-parser/-/jsonc-parser-0.2.3.tgz",
      "integrity": "sha1-X0wlYgK/REhoSPu1x9pA7muOFvg=",
      "requires": {
        "vscode-nls": "^1.0.4"
      },
      "dependencies": {
        "vscode-nls": {
          "version": "1.0.7",
          "resolved": "http://registry.npmjs.org/vscode-nls/-/vscode-nls-1.0.7.tgz",
          "integrity": "sha1-KYwB/Oh4AsZEwKFe9SajPGLA1Y4="
        }
      }
    },
    "jsprim": {
      "version": "1.4.1",
      "resolved": "https://registry.npmjs.org/jsprim/-/jsprim-1.4.1.tgz",
      "integrity": "sha1-MT5mvB5cwG5Di8G3SZwuXFastqI=",
      "dev": true,
      "requires": {
        "assert-plus": "1.0.0",
        "extsprintf": "1.3.0",
        "json-schema": "0.2.3",
        "verror": "1.10.0"
      }
    },
    "lodash": {
      "version": "4.17.11",
      "resolved": "https://registry.npmjs.org/lodash/-/lodash-4.17.11.tgz",
      "integrity": "sha512-cQKh8igo5QUhZ7lg38DYWAxMvjSAKG0A8wGSVimP07SIUEK2UO+arSRKbRZWtelMtN5V0Hkwh5ryOto/SshYIg==",
      "dev": true
    },
    "mime-db": {
      "version": "1.40.0",
      "resolved": "https://registry.npmjs.org/mime-db/-/mime-db-1.40.0.tgz",
      "integrity": "sha512-jYdeOMPy9vnxEqFRRo6ZvTZ8d9oPb+k18PKoYNYUe2stVEBPPwsln/qWzdbmaIvnhZ9v2P+CuecK+fpUfsV2mA==",
      "dev": true
    },
    "mime-types": {
      "version": "2.1.24",
      "resolved": "https://registry.npmjs.org/mime-types/-/mime-types-2.1.24.tgz",
      "integrity": "sha512-WaFHS3MCl5fapm3oLxU4eYDw77IQM2ACcxQ9RIxfaC3ooc6PFuBMGZZsYpvoXS5D5QTWPieo1jjLdAm3TBP3cQ==",
      "dev": true,
      "requires": {
        "mime-db": "1.40.0"
      }
    },
    "minimatch": {
      "version": "3.0.4",
      "resolved": "https://registry.npmjs.org/minimatch/-/minimatch-3.0.4.tgz",
      "integrity": "sha512-yJHVQEhyqPLUTgt9B83PXu6W3rx4MvvHvSUvToogpwoGDOUQ+yDrR0HRot+yOCdCO7u4hX3pWft6kWBBcqh0UA==",
      "requires": {
        "brace-expansion": "^1.1.7"
      }
    },
    "minimist": {
      "version": "0.0.8",
      "resolved": "http://registry.npmjs.org/minimist/-/minimist-0.0.8.tgz",
      "integrity": "sha1-hX/Kv8M5fSYluCKCYuhqp6ARsF0="
    },
    "mkdirp": {
      "version": "0.5.1",
      "resolved": "http://registry.npmjs.org/mkdirp/-/mkdirp-0.5.1.tgz",
      "integrity": "sha1-MAV0OOrGz3+MR2fzhkjWaX11yQM=",
      "requires": {
        "minimist": "0.0.8"
      }
    },
    "mocha": {
      "version": "4.1.0",
      "resolved": "https://registry.npmjs.org/mocha/-/mocha-4.1.0.tgz",
      "integrity": "sha512-0RVnjg1HJsXY2YFDoTNzcc1NKhYuXKRrBAG2gDygmJJA136Cs2QlRliZG1mA0ap7cuaT30mw16luAeln+4RiNA==",
      "dev": true,
      "requires": {
        "browser-stdout": "1.3.0",
        "commander": "2.11.0",
        "debug": "3.1.0",
        "diff": "3.3.1",
        "escape-string-regexp": "1.0.5",
        "glob": "7.1.2",
        "growl": "1.10.3",
        "he": "1.1.1",
        "mkdirp": "0.5.1",
        "supports-color": "4.4.0"
      },
      "dependencies": {
        "glob": {
          "version": "7.1.2",
          "resolved": "https://registry.npmjs.org/glob/-/glob-7.1.2.tgz",
          "integrity": "sha512-MJTUg1kjuLeQCJ+ccE4Vpa6kKVXkPYJ2mOCQyUuKLcLQsdrMCpBPUi8qVE6+YuaJkozeA9NusTAw3hLr8Xe5EQ==",
          "dev": true,
          "requires": {
            "fs.realpath": "^1.0.0",
            "inflight": "^1.0.4",
            "inherits": "2",
            "minimatch": "^3.0.4",
            "once": "^1.3.0",
            "path-is-absolute": "^1.0.0"
          }
        }
      }
    },
    "mocha-ui-esm": {
      "version": "1.0.0-alpha.4",
      "resolved": "https://registry.npmjs.org/mocha-ui-esm/-/mocha-ui-esm-1.0.0-alpha.4.tgz",
      "integrity": "sha512-wlRsxe6wxiIw+6plBFKZhIPBw3wRimsHLtrxVelQBy3OTgqNczlcwkcxrQTglAzstT7rUFBn1Pc2Yw2F0VB5CQ==",
      "dev": true
    },
    "mock-require": {
      "version": "3.0.3",
      "resolved": "https://registry.npmjs.org/mock-require/-/mock-require-3.0.3.tgz",
      "integrity": "sha512-lLzfLHcyc10MKQnNUCv7dMcoY/2Qxd6wJfbqCcVk3LDb8An4hF6ohk5AztrvgKhJCqj36uyzi/p5se+tvyD+Wg==",
      "dev": true,
      "requires": {
        "get-caller-file": "^1.0.2",
        "normalize-path": "^2.1.1"
      }
    },
    "ms": {
      "version": "2.0.0",
      "resolved": "https://registry.npmjs.org/ms/-/ms-2.0.0.tgz",
      "integrity": "sha1-VgiurfwAvmwpAd9fmGF4jeDVl8g="
    },
    "normalize-path": {
      "version": "2.1.1",
      "resolved": "https://registry.npmjs.org/normalize-path/-/normalize-path-2.1.1.tgz",
      "integrity": "sha1-GrKLVW4Zg2Oowab35vogE3/mrtk=",
      "dev": true,
      "requires": {
        "remove-trailing-separator": "^1.0.1"
      }
    },
    "npm": {
      "version": "7.0.0",
      "resolved": "https://registry.npmjs.org/npm/-/npm-7.0.0.tgz",
      "integrity": "sha512-A/zHwhfPOXLwAQhyjiExKjfeJNIWrb7529Jt66OhGmLLOd9J0sFoAcTxKD6uGC+BOYVEN2xCWSoS44vbzyHfrA==",
      "requires": {
        "@npmcli/arborist": "^1.0.0",
        "@npmcli/ci-detect": "^1.2.0",
        "@npmcli/config": "^1.2.1",
        "@npmcli/run-script": "^1.7.0",
        "abbrev": "~1.1.1",
        "ansicolors": "~0.3.2",
        "ansistyles": "~0.1.3",
        "aproba": "^2.0.0",
        "archy": "~1.0.0",
        "bin-links": "^2.2.1",
        "byte-size": "^7.0.0",
        "cacache": "^15.0.5",
        "chalk": "^4.1.0",
        "chownr": "^2.0.0",
        "cli-columns": "^3.1.2",
        "cli-table3": "^0.6.0",
        "columnify": "~1.5.4",
        "editor": "~1.0.0",
        "glob": "^7.1.4",
        "graceful-fs": "^4.2.3",
        "hosted-git-info": "^3.0.6",
        "inherits": "^2.0.4",
        "ini": "^1.3.5",
        "init-package-json": "^2.0.0",
        "is-cidr": "^4.0.2",
        "leven": "^3.1.0",
        "libnpmaccess": "^4.0.0",
        "libnpmfund": "^1.0.1",
        "libnpmhook": "^6.0.0",
        "libnpmorg": "^2.0.0",
        "libnpmpack": "^2.0.0",
        "libnpmpublish": "^3.0.1",
        "libnpmsearch": "^3.0.0",
        "libnpmteam": "^2.0.1",
        "libnpmversion": "^1.0.5",
        "make-fetch-happen": "^8.0.9",
        "mkdirp": "^1.0.4",
        "mkdirp-infer-owner": "^2.0.0",
        "ms": "^2.1.2",
        "nopt": "^5.0.0",
        "npm-audit-report": "^2.1.4",
        "npm-package-arg": "^8.1.0",
        "npm-pick-manifest": "^6.1.0",
        "npm-profile": "^5.0.1",
        "npm-registry-fetch": "^8.1.4",
        "npm-user-validate": "~1.0.0",
        "npmlog": "~4.1.2",
        "opener": "^1.5.2",
        "pacote": "^11.1.10",
        "parse-conflict-json": "^1.1.1",
        "qrcode-terminal": "^0.12.0",
        "read": "~1.0.7",
        "read-package-json": "^3.0.0",
        "read-package-json-fast": "^1.2.1",
        "rimraf": "^3.0.2",
        "semver": "^7.3.2",
        "sorted-object": "~2.0.1",
        "ssri": "^8.0.0",
        "tar": "^6.0.5",
        "text-table": "~0.2.0",
        "tiny-relative-date": "^1.3.0",
        "uuid": "^8.3.1",
        "validate-npm-package-name": "~3.0.0",
        "which": "^2.0.2",
        "write-file-atomic": "^3.0.3"
      },
      "dependencies": {
        "ansi-regex": {
          "version": "2.1.1",
          "integrity": "sha1-w7M6te42DYbg5ijwRorn7yfWVN8=",
          "bundled": true
        },
        "ansicolors": {
          "version": "0.3.2",
          "integrity": "sha1-ZlWX3oap/+Oqm/vmyuXG6kJrSXk=",
          "bundled": true
        },
        "ansistyles": {
          "version": "0.1.3",
          "integrity": "sha1-XeYEFb2gcbs3EnhUyGT0GyMlRTk=",
          "bundled": true
        },
        "archy": {
          "version": "1.0.0",
          "integrity": "sha1-+cjBN1fMHde8N5rHeyxipcKGjEA=",
          "bundled": true
        },
        "cli-columns": {
          "version": "3.1.2",
          "integrity": "sha1-ZzLZcpee/CrkRKHwjgj6E5yWoY4=",
          "bundled": true,
          "requires": {
            "string-width": "^2.0.0",
            "strip-ansi": "^3.0.1"
          }
        },
        "clone": {
          "version": "1.0.4",
          "integrity": "sha1-2jCcwmPfFZlMaIypAheco8fNfH4=",
          "bundled": true
        },
        "columnify": {
          "version": "1.5.4",
          "integrity": "sha1-Rzfd8ce2mop8NAVweC6UfuyOeLs=",
          "bundled": true,
          "requires": {
            "strip-ansi": "^3.0.0",
            "wcwidth": "^1.0.0"
          }
        },
        "defaults": {
          "version": "1.0.3",
          "integrity": "sha1-xlYFHpgX2f8I7YgUd/P+QBnz730=",
          "bundled": true,
          "requires": {
            "clone": "^1.0.2"
          }
        },
        "editor": {
          "version": "1.0.0",
          "integrity": "sha1-YMf4e9YrzGqJT6jM1q+3gjok90I=",
          "bundled": true
        },
        "npm-user-validate": {
          "version": "1.0.0",
          "integrity": "sha1-jOyg9c6gTU6TUZ73LQVXp1Ei6VE=",
          "bundled": true
        },
        "qrcode-terminal": {
          "version": "0.12.0",
          "integrity": "sha512-EXtzRZmC+YGmGlDFbXKxQiMZNwCLEO6BANKXG4iCtSIM0yqc/pappSx3RIKr4r0uh5JsBckOXeKrB3Iz7mdQpQ==",
          "bundled": true
        },
        "sorted-object": {
          "version": "2.0.1",
          "integrity": "sha1-fWMfS9OnmKJK8d/8+/6DM3pd9fw=",
          "bundled": true
        },
        "string-width": {
          "version": "2.1.1",
          "integrity": "sha512-nOqH59deCq9SRHlxq1Aw85Jnt4w6KvLKqWVik6oA9ZklXLNIOlqg4F2yrT1MVaTjAqvVwdfeZ7w7aCvJD7ugkw==",
          "bundled": true,
          "requires": {
            "is-fullwidth-code-point": "^2.0.0",
            "strip-ansi": "^4.0.0"
          },
          "dependencies": {
            "ansi-regex": {
              "version": "3.0.0",
              "integrity": "sha1-7QMXwyIGT3lGbAKWa922Bas32Zg=",
              "bundled": true
            },
            "is-fullwidth-code-point": {
              "version": "2.0.0",
              "integrity": "sha1-o7MKXE8ZkYMWeqq5O+764937ZU8=",
              "bundled": true
            },
            "strip-ansi": {
              "version": "4.0.0",
              "integrity": "sha1-qEeQIusaw2iocTibY1JixQXuNo8=",
              "bundled": true,
              "requires": {
                "ansi-regex": "^3.0.0"
              }
            }
          }
        },
        "strip-ansi": {
          "version": "3.0.1",
          "integrity": "sha1-ajhfuIU9lS1f8F0Oiq+UJ43GPc8=",
          "bundled": true,
          "requires": {
            "ansi-regex": "^2.0.0"
          }
        },
        "text-table": {
          "version": "0.2.0",
          "integrity": "sha1-f17oI66AUgfACvLfSoTsP8+lcLQ=",
          "bundled": true
        },
        "tiny-relative-date": {
          "version": "1.3.0",
          "integrity": "sha512-MOQHpzllWxDCHHaDno30hhLfbouoYlOI8YlMNtvKe1zXbjEVhbcEovQxvZrPvtiYW630GQDoMMarCnjfyfHA+A==",
          "bundled": true
        },
        "wcwidth": {
          "version": "1.0.1",
          "integrity": "sha1-8LDc+RW8X/FSivrbLA4XtTLaL+g=",
          "bundled": true,
          "requires": {
            "defaults": "^1.0.3"
          }
        }
      }
    },
    "npm-package-arg": {
      "version": "6.1.0",
      "resolved": "https://registry.npmjs.org/npm-package-arg/-/npm-package-arg-6.1.0.tgz",
      "integrity": "sha512-zYbhP2k9DbJhA0Z3HKUePUgdB1x7MfIfKssC+WLPFMKTBZKpZh5m13PgexJjCq6KW7j17r0jHWcCpxEqnnncSA==",
      "requires": {
        "hosted-git-info": "^2.6.0",
        "osenv": "^0.1.5",
        "semver": "^5.5.0",
        "validate-npm-package-name": "^3.0.0"
      },
      "dependencies": {
        "semver": {
          "version": "5.7.0",
          "resolved": "https://registry.npmjs.org/semver/-/semver-5.7.0.tgz",
          "integrity": "sha512-Ya52jSX2u7QKghxeoFGpLwCtGlt7j0oY9DYb5apt9nPlJ42ID+ulTXESnt/qAQcoSERyZ5sl3LDIOw0nAn/5DA=="
        }
      }
    },
    "oauth-sign": {
      "version": "0.9.0",
      "resolved": "https://registry.npmjs.org/oauth-sign/-/oauth-sign-0.9.0.tgz",
      "integrity": "sha512-fexhUFFPTGV8ybAtSIGbV6gOkSv8UtRbDBnAyLQw4QPKkgNlsH2ByPGtMUqdWkos6YCRmAqViwgZrJc/mRDzZQ==",
      "dev": true
    },
    "once": {
      "version": "1.4.0",
      "resolved": "https://registry.npmjs.org/once/-/once-1.4.0.tgz",
      "integrity": "sha1-WDsap3WWHUsROsF9nFC6753Xa9E=",
      "requires": {
        "wrappy": "1"
      }
    },
    "opener": {
      "version": "1.5.1",
      "resolved": "https://registry.npmjs.org/opener/-/opener-1.5.1.tgz",
      "integrity": "sha512-goYSy5c2UXE4Ra1xixabeVh1guIX/ZV/YokJksb6q2lubWu6UbvPQ20p542/sFIll1nl8JnCyK9oBaOcCWXwvA=="
    },
    "os-homedir": {
      "version": "1.0.2",
      "resolved": "https://registry.npmjs.org/os-homedir/-/os-homedir-1.0.2.tgz",
      "integrity": "sha1-/7xJiDNuDoM94MFox+8VISGqf7M="
    },
    "os-tmpdir": {
      "version": "1.0.2",
      "resolved": "https://registry.npmjs.org/os-tmpdir/-/os-tmpdir-1.0.2.tgz",
      "integrity": "sha1-u+Z0BseaqFxc/sdm/lc0VV36EnQ="
    },
    "osenv": {
      "version": "0.1.5",
      "resolved": "https://registry.npmjs.org/osenv/-/osenv-0.1.5.tgz",
      "integrity": "sha512-0CWcCECdMVc2Rw3U5w9ZjqX6ga6ubk1xDVKxtBQPK7wis/0F2r9T6k4ydGYhecl7YUBxBVxhL5oisPsNxAPe2g==",
      "requires": {
        "os-homedir": "^1.0.0",
        "os-tmpdir": "^1.0.0"
      }
    },
    "path-is-absolute": {
      "version": "1.0.1",
      "resolved": "https://registry.npmjs.org/path-is-absolute/-/path-is-absolute-1.0.1.tgz",
      "integrity": "sha1-F0uSaHNVNP+8es5r9TpanhtcX18="
    },
    "performance-now": {
      "version": "2.1.0",
      "resolved": "https://registry.npmjs.org/performance-now/-/performance-now-2.1.0.tgz",
      "integrity": "sha1-Ywn04OX6kT7BxpMHrjZLSzd8nns=",
      "dev": true
    },
    "psl": {
      "version": "1.1.31",
      "resolved": "https://registry.npmjs.org/psl/-/psl-1.1.31.tgz",
      "integrity": "sha512-/6pt4+C+T+wZUieKR620OpzN/LlnNKuWjy1iFLQ/UG35JqHlR/89MP1d96dUfkf6Dne3TuLQzOYEYshJ+Hx8mw==",
      "dev": true
    },
    "punycode": {
      "version": "2.1.1",
      "resolved": "https://registry.npmjs.org/punycode/-/punycode-2.1.1.tgz",
      "integrity": "sha512-XRsRjdf+j5ml+y/6GKHPZbrF/8p2Yga0JPtdqTIY2Xe5ohJPD9saDJJLPvp9+NSBprVvevdXZybnj2cv8OEd0A==",
      "dev": true
    },
    "qs": {
      "version": "6.5.2",
      "resolved": "https://registry.npmjs.org/qs/-/qs-6.5.2.tgz",
      "integrity": "sha512-N5ZAX4/LxJmF+7wN74pUD6qAh9/wnvdQcjq9TZjevvXzSUo7bfmw91saqMjzGS2xq91/odN2dW/WOl7qQHNDGA==",
      "dev": true
    },
    "querystringify": {
      "version": "2.1.1",
      "resolved": "https://registry.npmjs.org/querystringify/-/querystringify-2.1.1.tgz",
      "integrity": "sha512-w7fLxIRCRT7U8Qu53jQnJyPkYZIaR4n5151KMfcJlO/A9397Wxb1amJvROTK6TOnp7PfoAmg/qXiNHI+08jRfA==",
      "dev": true
    },
    "readable-stream": {
      "version": "1.1.14",
      "resolved": "http://registry.npmjs.org/readable-stream/-/readable-stream-1.1.14.tgz",
      "integrity": "sha1-fPTFTvZI44EwhMY23SB54WbAgdk=",
      "dev": true,
      "requires": {
        "core-util-is": "~1.0.0",
        "inherits": "~2.0.1",
        "isarray": "0.0.1",
        "string_decoder": "~0.10.x"
      }
    },
    "regenerator-runtime": {
      "version": "0.13.2",
      "resolved": "https://registry.npmjs.org/regenerator-runtime/-/regenerator-runtime-0.13.2.tgz",
      "integrity": "sha512-S/TQAZJO+D3m9xeN1WTI8dLKBBiRgXBlTJvbWjCThHWZj9EvHK70Ff50/tYj2J/fvBY6JtFVwRuazHN2E7M9BA=="
    },
    "remove-trailing-separator": {
      "version": "1.1.0",
      "resolved": "https://registry.npmjs.org/remove-trailing-separator/-/remove-trailing-separator-1.1.0.tgz",
      "integrity": "sha1-wkvOKig62tW8P1jg1IJJuSN52O8=",
      "dev": true
    },
    "request": {
      "version": "2.88.0",
      "resolved": "https://registry.npmjs.org/request/-/request-2.88.0.tgz",
      "integrity": "sha512-NAqBSrijGLZdM0WZNsInLJpkJokL72XYjUpnB0iwsRgxh7dB6COrHnTBNwN0E+lHDAJzu7kLAkDeY08z2/A0hg==",
      "dev": true,
      "requires": {
        "aws-sign2": "~0.7.0",
        "aws4": "^1.8.0",
        "caseless": "~0.12.0",
        "combined-stream": "~1.0.6",
        "extend": "~3.0.2",
        "forever-agent": "~0.6.1",
        "form-data": "~2.3.2",
        "har-validator": "~5.1.0",
        "http-signature": "~1.2.0",
        "is-typedarray": "~1.0.0",
        "isstream": "~0.1.2",
        "json-stringify-safe": "~5.0.1",
        "mime-types": "~2.1.19",
        "oauth-sign": "~0.9.0",
        "performance-now": "^2.1.0",
        "qs": "~6.5.2",
        "safe-buffer": "^5.1.2",
        "tough-cookie": "~2.4.3",
        "tunnel-agent": "^0.6.0",
        "uuid": "^3.3.2"
      }
    },
    "request-light": {
      "version": "0.2.4",
      "resolved": "https://registry.npmjs.org/request-light/-/request-light-0.2.4.tgz",
      "integrity": "sha512-pM9Fq5jRnSb+82V7M97rp8FE9/YNeP2L9eckB4Szd7lyeclSIx02aIpPO/6e4m6Dy31+FBN/zkFMTd2HkNO3ow==",
      "requires": {
        "http-proxy-agent": "^2.1.0",
        "https-proxy-agent": "^2.2.1",
        "vscode-nls": "^4.0.0"
      }
    },
    "requires-port": {
      "version": "1.0.0",
      "resolved": "https://registry.npmjs.org/requires-port/-/requires-port-1.0.0.tgz",
      "integrity": "sha1-kl0mAdOaxIXgkc8NpcbmlNw9yv8=",
      "dev": true
    },
    "rimraf": {
      "version": "2.6.3",
      "resolved": "https://registry.npmjs.org/rimraf/-/rimraf-2.6.3.tgz",
      "integrity": "sha512-mwqeW5XsA2qAejG46gYdENaxXjx9onRNCfn7L0duuP4hCuTIi/QO7PDK07KJfp1d+izWPrzEJDcSqBa0OZQriA==",
      "requires": {
        "glob": "^7.1.3"
      }
    },
    "safe-buffer": {
      "version": "5.1.2",
      "resolved": "https://registry.npmjs.org/safe-buffer/-/safe-buffer-5.1.2.tgz",
      "integrity": "sha512-Gd2UZBJDkXlY7GbJxfsE8/nvKkUEU1G38c1siN6QP6a9PT9MmHB8GnpscSmMJSoF8LOIrt8ud/wPtojys4G6+g==",
      "dev": true
    },
    "safer-buffer": {
      "version": "2.1.2",
      "resolved": "https://registry.npmjs.org/safer-buffer/-/safer-buffer-2.1.2.tgz",
      "integrity": "sha512-YZo3K82SD7Riyi0E1EQPojLz7kpepnSQI9IyPbHHg1XXXevb5dJI7tpyN2ADxGcQbHG7vcyRHk0cbwqcQriUtg==",
      "dev": true
    },
    "sax": {
      "version": "1.2.4",
      "resolved": "https://registry.npmjs.org/sax/-/sax-1.2.4.tgz",
      "integrity": "sha512-NqVDv9TpANUjFm0N8uM5GxL36UgKi9/atZw+x7YFnQ8ckwFGKrl4xX4yWtrey3UJm5nP1kUbnYgLopqWNSRhWw=="
    },
    "semver": {
      "version": "6.0.0",
      "resolved": "https://registry.npmjs.org/semver/-/semver-6.0.0.tgz",
      "integrity": "sha512-0UewU+9rFapKFnlbirLi3byoOuhrSsli/z/ihNnvM24vgF+8sNBiI1LZPBSH9wJKUwaUbw+s3hToDLCXkrghrQ=="
    },
    "shelljs": {
      "version": "0.3.0",
      "resolved": "http://registry.npmjs.org/shelljs/-/shelljs-0.3.0.tgz",
      "integrity": "sha1-NZbmMHp4FUT1kfN9phg2DzHbV7E=",
      "dev": true
    },
    "source-map": {
      "version": "0.6.1",
      "resolved": "https://registry.npmjs.org/source-map/-/source-map-0.6.1.tgz",
      "integrity": "sha512-UjgapumWlbMhkBgzT7Ykc5YXUT46F0iKu8SGXq0bcwP5dz/h0Plj6enJqjz1Zbq2l5WaqYnrVbwWOWMyF3F47g==",
      "dev": true
    },
    "source-map-support": {
      "version": "0.5.12",
      "resolved": "https://registry.npmjs.org/source-map-support/-/source-map-support-0.5.12.tgz",
      "integrity": "sha512-4h2Pbvyy15EE02G+JOZpUCmqWJuqrs+sEkzewTm++BPi7Hvn/HwcqLAcNxYAyI0x13CpPPn+kMjl+hplXMHITQ==",
      "dev": true,
      "requires": {
        "buffer-from": "^1.0.0",
        "source-map": "^0.6.0"
      }
    },
    "sshpk": {
      "version": "1.16.1",
      "resolved": "https://registry.npmjs.org/sshpk/-/sshpk-1.16.1.tgz",
      "integrity": "sha512-HXXqVUq7+pcKeLqqZj6mHFUMvXtOJt1uoUx09pFW6011inTMxqI8BA8PM95myrIyyKwdnzjdFjLiE6KBPVtJIg==",
      "dev": true,
      "requires": {
        "asn1": "~0.2.3",
        "assert-plus": "^1.0.0",
        "bcrypt-pbkdf": "^1.0.0",
        "dashdash": "^1.12.0",
        "ecc-jsbn": "~0.1.1",
        "getpass": "^0.1.1",
        "jsbn": "~0.1.0",
        "safer-buffer": "^2.0.2",
        "tweetnacl": "~0.14.0"
      }
    },
    "string_decoder": {
      "version": "0.10.31",
      "resolved": "http://registry.npmjs.org/string_decoder/-/string_decoder-0.10.31.tgz",
      "integrity": "sha1-YuIDvEF2bGwoyfyEMB2rHFMQ+pQ=",
      "dev": true
    },
    "strip-json-comments": {
      "version": "1.0.4",
      "resolved": "https://registry.npmjs.org/strip-json-comments/-/strip-json-comments-1.0.4.tgz",
      "integrity": "sha1-HhX7ysl9Pumb8tc7TGVrCCu6+5E=",
      "dev": true
    },
    "supports-color": {
      "version": "4.4.0",
      "resolved": "https://registry.npmjs.org/supports-color/-/supports-color-4.4.0.tgz",
      "integrity": "sha512-rKC3+DyXWgK0ZLKwmRsrkyHVZAjNkfzeehuFWdGGcqGDTZFH73+RH6S/RDAAxl9GusSjZSUWYLmT9N5pzXFOXQ==",
      "dev": true,
      "requires": {
        "has-flag": "^2.0.0"
      }
    },
    "systemjs": {
      "version": "0.21.6",
      "resolved": "https://registry.npmjs.org/systemjs/-/systemjs-0.21.6.tgz",
      "integrity": "sha512-R+5S9eV9vcQgWOoS4D87joZ4xkFJHb19ZsyKY07D1+VBDE9bwYcU+KXE0r5XlDA8mFoJGyuWDbfrNoh90JsA8g=="
    },
    "tough-cookie": {
      "version": "2.4.3",
      "resolved": "https://registry.npmjs.org/tough-cookie/-/tough-cookie-2.4.3.tgz",
      "integrity": "sha512-Q5srk/4vDM54WJsJio3XNn6K2sCG+CQ8G5Wz6bZhRZoAe/+TxjWB/GlFAnYEbkYVlON9FMk/fE3h2RLpPXo4lQ==",
      "dev": true,
      "requires": {
        "psl": "^1.1.24",
        "punycode": "^1.4.1"
      },
      "dependencies": {
        "punycode": {
          "version": "1.4.1",
          "resolved": "https://registry.npmjs.org/punycode/-/punycode-1.4.1.tgz",
          "integrity": "sha1-wNWmOycYgArY4esPpSachN1BhF4=",
          "dev": true
        }
      }
    },
    "tunnel-agent": {
      "version": "0.6.0",
      "resolved": "https://registry.npmjs.org/tunnel-agent/-/tunnel-agent-0.6.0.tgz",
      "integrity": "sha1-J6XeoGs2sEoKmWZ3SykIaPD8QP0=",
      "dev": true,
      "requires": {
        "safe-buffer": "^5.0.1"
      }
    },
    "tweetnacl": {
      "version": "0.14.5",
      "resolved": "https://registry.npmjs.org/tweetnacl/-/tweetnacl-0.14.5.tgz",
      "integrity": "sha1-WuaBd/GS1EViadEIr6k/+HQ/T2Q=",
      "dev": true
    },
    "typescript": {
      "version": "3.4.5",
      "resolved": "https://registry.npmjs.org/typescript/-/typescript-3.4.5.tgz",
      "integrity": "sha512-YycBxUb49UUhdNMU5aJ7z5Ej2XGmaIBL0x34vZ82fn3hGvD+bgrMrVDpatgz2f7YxUMJxMkbWxJZeAvDxVe7Vw==",
      "dev": true
    },
    "uri-js": {
      "version": "4.2.2",
      "resolved": "https://registry.npmjs.org/uri-js/-/uri-js-4.2.2.tgz",
      "integrity": "sha512-KY9Frmirql91X2Qgjry0Wd4Y+YTdrdZheS8TFwvkbLWf/G5KNJDCh6pKL5OZctEW4+0Baa5idK2ZQuELRwPznQ==",
      "dev": true,
      "requires": {
        "punycode": "^2.1.0"
      }
    },
    "url-parse": {
      "version": "1.4.6",
      "resolved": "https://registry.npmjs.org/url-parse/-/url-parse-1.4.6.tgz",
      "integrity": "sha512-/B8AD9iQ01seoXmXf9z/MjLZQIdOoYl/+gvsQF6+mpnxaTfG9P7srYaiqaDMyKkR36XMXfhqSHss5MyFAO8lew==",
      "dev": true,
      "requires": {
        "querystringify": "^2.0.0",
        "requires-port": "^1.0.0"
      }
    },
    "uuid": {
      "version": "3.3.2",
      "resolved": "https://registry.npmjs.org/uuid/-/uuid-3.3.2.tgz",
      "integrity": "sha512-yXJmeNaw3DnnKAOKJE51sL/ZaYfWJRl1pK9dr19YFCu0ObS231AB1/LbqTKRAQ5kw8A90rA6fr4riOUpTZvQZA=="
    },
    "validate-npm-package-name": {
      "version": "3.0.0",
      "resolved": "https://registry.npmjs.org/validate-npm-package-name/-/validate-npm-package-name-3.0.0.tgz",
      "integrity": "sha1-X6kS2B630MdK/BQN5zF/DKffQ34=",
      "requires": {
        "builtins": "^1.0.3"
      }
    },
    "verror": {
      "version": "1.10.0",
      "resolved": "https://registry.npmjs.org/verror/-/verror-1.10.0.tgz",
      "integrity": "sha1-OhBcoXBTr1XW4nDB+CiGguGNpAA=",
      "dev": true,
      "requires": {
        "assert-plus": "^1.0.0",
        "core-util-is": "1.0.2",
        "extsprintf": "^1.2.0"
      }
    },
    "vscode": {
      "version": "1.1.33",
      "resolved": "https://registry.npmjs.org/vscode/-/vscode-1.1.33.tgz",
      "integrity": "sha512-sXedp2oF6y4ZvqrrFiZpeMzaCLSWV+PpYkIxjG/iYquNZ9KrLL2LujltGxPLvzn49xu2sZkyC+avVNFgcJD1Iw==",
      "dev": true,
      "requires": {
        "glob": "^7.1.2",
        "mocha": "^4.0.1",
        "request": "^2.88.0",
        "semver": "^5.4.1",
        "source-map-support": "^0.5.0",
        "url-parse": "^1.4.4",
        "vscode-test": "^0.1.4"
      },
      "dependencies": {
        "semver": {
          "version": "5.7.0",
          "resolved": "https://registry.npmjs.org/semver/-/semver-5.7.0.tgz",
          "integrity": "sha512-Ya52jSX2u7QKghxeoFGpLwCtGlt7j0oY9DYb5apt9nPlJ42ID+ulTXESnt/qAQcoSERyZ5sl3LDIOw0nAn/5DA==",
          "dev": true
        }
      }
    },
    "vscode-contrib-jsonc": {
      "version": "1.0.0-beta.2",
      "resolved": "https://registry.npmjs.org/vscode-contrib-jsonc/-/vscode-contrib-jsonc-1.0.0-beta.2.tgz",
      "integrity": "sha1-/IVmSq7rLAWY20ay8Mae7QMBmQk=",
      "requires": {
        "jsonc-parser": "0.2.3",
        "vscode-nls": "1.0.7"
      },
      "dependencies": {
        "vscode-nls": {
          "version": "1.0.7",
          "resolved": "http://registry.npmjs.org/vscode-nls/-/vscode-nls-1.0.7.tgz",
          "integrity": "sha1-KYwB/Oh4AsZEwKFe9SajPGLA1Y4="
        }
      }
    },
    "vscode-jsonrpc": {
      "version": "4.0.0",
      "resolved": "https://registry.npmjs.org/vscode-jsonrpc/-/vscode-jsonrpc-4.0.0.tgz",
      "integrity": "sha512-perEnXQdQOJMTDFNv+UF3h1Y0z4iSiaN9jIlb0OqIYgosPCZGYh/MCUlkFtV2668PL69lRDO32hmvL2yiidUYg=="
    },
    "vscode-languageclient": {
      "version": "5.2.1",
      "resolved": "https://registry.npmjs.org/vscode-languageclient/-/vscode-languageclient-5.2.1.tgz",
      "integrity": "sha512-7jrS/9WnV0ruqPamN1nE7qCxn0phkH5LjSgSp9h6qoJGoeAKzwKz/PF6M+iGA/aklx4GLZg1prddhEPQtuXI1Q==",
      "requires": {
        "semver": "^5.5.0",
        "vscode-languageserver-protocol": "3.14.1"
      },
      "dependencies": {
        "semver": {
          "version": "5.7.0",
          "resolved": "https://registry.npmjs.org/semver/-/semver-5.7.0.tgz",
          "integrity": "sha512-Ya52jSX2u7QKghxeoFGpLwCtGlt7j0oY9DYb5apt9nPlJ42ID+ulTXESnt/qAQcoSERyZ5sl3LDIOw0nAn/5DA=="
        }
      }
    },
    "vscode-languageserver-protocol": {
      "version": "3.14.1",
      "resolved": "https://registry.npmjs.org/vscode-languageserver-protocol/-/vscode-languageserver-protocol-3.14.1.tgz",
      "integrity": "sha512-IL66BLb2g20uIKog5Y2dQ0IiigW0XKrvmWiOvc0yXw80z3tMEzEnHjaGAb3ENuU7MnQqgnYJ1Cl2l9RvNgDi4g==",
      "requires": {
        "vscode-jsonrpc": "^4.0.0",
        "vscode-languageserver-types": "3.14.0"
      }
    },
    "vscode-languageserver-types": {
      "version": "3.14.0",
      "resolved": "https://registry.npmjs.org/vscode-languageserver-types/-/vscode-languageserver-types-3.14.0.tgz",
      "integrity": "sha512-lTmS6AlAlMHOvPQemVwo3CezxBp0sNB95KNPkqp3Nxd5VFEnuG1ByM0zlRWos0zjO3ZWtkvhal0COgiV1xIA4A=="
    },
    "vscode-nls": {
      "version": "4.1.0",
      "resolved": "https://registry.npmjs.org/vscode-nls/-/vscode-nls-4.1.0.tgz",
      "integrity": "sha512-zKsFWVzL1wlCezgaI3XiN42IT8DIPM1Qr+G+RBhiU3U0bJCdC8pPELakRCtuVT4wF3gBZjBrUDQ8mowL7hmgwA=="
    },
    "vscode-test": {
      "version": "0.1.5",
      "resolved": "https://registry.npmjs.org/vscode-test/-/vscode-test-0.1.5.tgz",
      "integrity": "sha512-s+lbF1Dtasc0yXVB9iQTexBe2JK6HJAUJe3fWezHKIjq+xRw5ZwCMEMBaonFIPy7s95qg2HPTRDR5W4h4kbxGw==",
      "dev": true,
      "requires": {
        "http-proxy-agent": "^2.1.0",
        "https-proxy-agent": "^2.2.1"
      }
    },
    "wrappy": {
      "version": "1.0.2",
      "resolved": "https://registry.npmjs.org/wrappy/-/wrappy-1.0.2.tgz",
      "integrity": "sha1-tSQ9jz7BqjXxNkYFvA0QNuMKtp8="
    },
    "xmldoc": {
      "version": "1.1.2",
      "resolved": "https://registry.npmjs.org/xmldoc/-/xmldoc-1.1.2.tgz",
      "integrity": "sha512-ruPC/fyPNck2BD1dpz0AZZyrEwMOrWTO5lDdIXS91rs3wtm4j+T8Rp2o+zoOYkkAxJTZRPOSnOGei1egoRmKMQ==",
      "requires": {
        "sax": "^1.2.1"
      }
    },
    "yaml": {
      "version": "1.5.0",
      "resolved": "https://registry.npmjs.org/yaml/-/yaml-1.5.0.tgz",
      "integrity": "sha512-nKxSWOa7vxAP2pikrGxbkZsG/garQseRiLn9mIDjzwoQsyVy7ZWIpLoARejnINGGLA4fttuzRFFNxxbsztdJgw==",
      "requires": {
        "@babel/runtime": "^7.4.3"
      }
    }
  }
}
